{
  "name": "@hypst/lrc-parser",
  "version": "1.0.1",
  "lockfileVersion": 1,
  "requires": true,
  "dependencies": {
    "@hypst/time-beat-format": {
      "version": "0.0.4",
      "resolved": "https://registry.npm.taobao.org/@hypst/time-beat-format/download/@hypst/time-beat-format-0.0.4.tgz",
      "integrity": "sha1-mGBC89jr3C8oLG5D5g5hd6is6xQ="
    }
  }
}
