{
  "name": "lrc-parser",
  "version": "1.0.0",
  "lockfileVersion": 1,
  "requires": true,
  "dependencies": {
    "@hypst/time-beat-format": {
      "version": "0.0.2",
      "resolved": "https://registry.npmjs.org/@hypst/time-beat-format/-/time-beat-format-0.0.2.tgz",
      "integrity": "sha512-x1rpY4vf6UXAJt6DxzPGxRS+8DGMA4hhi05GFAcUc9ik7vIJbNffKJkJ9Nagt2+LLNNK6tEedAOEx0gmQC5/cg=="
    }
  }
}
